// !$*UTF8*$!
{
	archiveVersion = 1;
	classes = {
	};
	objectVersion = 77;
	objects = {

/* Begin PBXBuildFile section */
		63372B282EC8BC5D004E5014 /* Foundation.framework in Frameworks */ = {isa = PBXBuildFile; fileRef = 63372B272EC8BC5D004E5014 /* Foundation.framework */; };
		63372B2A2EC8BC75004E5014 /* Security.framework in Frameworks */ = {isa = PBXBuildFile; fileRef = 63372B292EC8BC75004E5014 /* Security.framework */; };
		63B15DA82ECD0E9600DBC72B /* UpdateSigning.m in Sources */ = {isa = PBXBuildFile; fileRef = 63B15DA72ECD0E9600DBC72B /* UpdateSigning.m */; };
		63B15DA92ECD0E9600DBC72B /* update_signing_util.m in Sources */ = {isa = PBXBuildFile; fileRef = 63B15DA52ECD0E9600DBC72B /* update_signing_util.m */; };
/* End PBXBuildFile section */

/* Begin PBXCopyFilesBuildPhase section */
		63372B122EC8BB93004E5014 /* CopyFiles */ = {
			isa = PBXCopyFilesBuildPhase;
			buildActionMask = 2147483647;
			dstPath = /usr/share/man/man1/;
			dstSubfolderSpec = 0;
			files = (
			);
			runOnlyForDeploymentPostprocessing = 1;
		};
/* End PBXCopyFilesBuildPhase section */

/* Begin PBXFileReference section */
		63372B142EC8BB93004E5014 /* update_signing_util_debugger */ = {isa = PBXFileReference; explicitFileType = "compiled.mach-o.executable"; includeInIndex = 0; path = update_signing_util_debugger; sourceTree = BUILT_PRODUCTS_DIR; };
		63372B272EC8BC5D004E5014 /* Foundation.framework */ = {isa = PBXFileReference; lastKnownFileType = wrapper.framework; name = Foundation.framework; path = System/Library/Frameworks/Foundation.framework; sourceTree = SDKROOT; };
		63372B292EC8BC75004E5014 /* Security.framework */ = {isa = PBXFileReference; lastKnownFileType = wrapper.framework; name = Security.framework; path = System/Library/Frameworks/Security.framework; sourceTree = SDKROOT; };
		63B15DA52ECD0E9600DBC72B /* update_signing_util.m */ = {isa = PBXFileReference; lastKnownFileType = sourcecode.c.objc; name = update_signing_util.m; path = ../update_signing_util.m; sourceTree = SOURCE_ROOT; };
		63B15DA62ECD0E9600DBC72B /* UpdateSigning.h */ = {isa = PBXFileReference; lastKnownFileType = sourcecode.c.h; name = UpdateSigning.h; path = ../UpdateSigning.h; sourceTree = SOURCE_ROOT; };
		63B15DA72ECD0E9600DBC72B /* UpdateSigning.m */ = {isa = PBXFileReference; lastKnownFileType = sourcecode.c.objc; name = UpdateSigning.m; path = ../UpdateSigning.m; sourceTree = SOURCE_ROOT; };
/* End PBXFileReference section */

/* Begin PBXFrameworksBuildPhase section */
		63372B112EC8BB93004E5014 /* Frameworks */ = {
			isa = PBXFrameworksBuildPhase;
			buildActionMask = 2147483647;
			files = (
				63372B2A2EC8BC75004E5014 /* Security.framework in Frameworks */,
				63372B282EC8BC5D004E5014 /* Foundation.framework in Frameworks */,
			);
			runOnlyForDeploymentPostprocessing = 0;
		};
/* End PBXFrameworksBuildPhase section */

/* Begin PBXGroup section */
		63372B0B2EC8BB93004E5014 = {
			isa = PBXGroup;
			children = (
				63372B262EC8BC5D004E5014 /* Frameworks */,
				63372B152EC8BB93004E5014 /* Products */,
				63B15DA52ECD0E9600DBC72B /* update_signing_util.m */,
				63B15DA62ECD0E9600DBC72B /* UpdateSigning.h */,
				63B15DA72ECD0E9600DBC72B /* UpdateSigning.m */,
			);
			sourceTree = "<group>";
		};
		63372B152EC8BB93004E5014 /* Products */ = {
			isa = PBXGroup;
			children = (
				63372B142EC8BB93004E5014 /* update_signing_util_debugger */,
			);
			name = Products;
			sourceTree = "<group>";
		};
		63372B262EC8BC5D004E5014 /* Frameworks */ = {
			isa = PBXGroup;
			children = (
				63372B292EC8BC75004E5014 /* Security.framework */,
				63372B272EC8BC5D004E5014 /* Foundation.framework */,
			);
			name = Frameworks;
			sourceTree = "<group>";
		};
/* End PBXGroup section */

/* Begin PBXNativeTarget section */
		63372B132EC8BB93004E5014 /* update_signing_util_debugger */ = {
			isa = PBXNativeTarget;
			buildConfigurationList = 63372B1B2EC8BB93004E5014 /* Build configuration list for PBXNativeTarget "update_signing_util_debugger" */;
			buildPhases = (
				63372B102EC8BB93004E5014 /* Sources */,
				63372B112EC8BB93004E5014 /* Frameworks */,
				63372B122EC8BB93004E5014 /* CopyFiles */,
			);
			buildRules = (
			);
			dependencies = (
			);
			name = update_signing_util_debugger;
			packageProductDependencies = (
			);
			productName = Debug_update_signing_util;
			productReference = 63372B142EC8BB93004E5014 /* update_signing_util_debugger */;
			productType = "com.apple.product-type.tool";
		};
/* End PBXNativeTarget section */

/* Begin PBXProject section */
		63372B0C2EC8BB93004E5014 /* Project object */ = {
			isa = PBXProject;
			attributes = {
				BuildIndependentTargetsInParallel = 1;
				LastUpgradeCheck = 2600;
				TargetAttributes = {
					63372B132EC8BB93004E5014 = {
						CreatedOnToolsVersion = 26.0.1;
					};
				};
			};
			buildConfigurationList = 63372B0F2EC8BB93004E5014 /* Build configuration list for PBXProject "Debug_update_signing_util" */;
			developmentRegion = en;
			hasScannedForEncodings = 0;
			knownRegions = (
				en,
				Base,
			);
			mainGroup = 63372B0B2EC8BB93004E5014;
			minimizedProjectReferenceProxies = 1;
			preferredProjectObjectVersion = 77;
			productRefGroup = 63372B152EC8BB93004E5014 /* Products */;
			projectDirPath = "";
			projectRoot = "";
			targets = (
				63372B132EC8BB93004E5014 /* update_signing_util_debugger */,
			);
		};
/* End PBXProject section */

/* Begin PBXSourcesBuildPhase section */
		63372B102EC8BB93004E5014 /* Sources */ = {
			isa = PBXSourcesBuildPhase;
			buildActionMask = 2147483647;
			files = (
				63B15DA82ECD0E9600DBC72B /* UpdateSigning.m in Sources */,
				63B15DA92ECD0E9600DBC72B /* update_signing_util.m in Sources */,
			);
			runOnlyForDeploymentPostprocessing = 0;
		};
/* End PBXSourcesBuildPhase section */

/* Begin XCBuildConfiguration section */
		63372B192EC8BB93004E5014 /* Debug */ = {
			isa = XCBuildConfiguration;
			buildSettings = {
				ALWAYS_SEARCH_USER_PATHS = NO;
				ASSETCATALOG_COMPILER_GENERATE_SWIFT_ASSET_SYMBOL_EXTENSIONS = YES;
				CLANG_ANALYZER_NONNULL = YES;
				CLANG_ANALYZER_NUMBER_OBJECT_CONVERSION = YES_AGGRESSIVE;
				CLANG_CXX_LANGUAGE_STANDARD = "gnu++20";
				CLANG_ENABLE_MODULES = YES;
				CLANG_ENABLE_OBJC_ARC = NO;
				CLANG_ENABLE_OBJC_WEAK = YES;
				CLANG_WARN_BLOCK_CAPTURE_AUTORELEASING = YES;
				CLANG_WARN_BOOL_CONVERSION = YES;
				CLANG_WARN_COMMA = YES;
				CLANG_WARN_CONSTANT_CONVERSION = YES;
				CLANG_WARN_DEPRECATED_OBJC_IMPLEMENTATIONS = YES;
				CLANG_WARN_DIRECT_OBJC_ISA_USAGE = YES_ERROR;
				CLANG_WARN_DOCUMENTATION_COMMENTS = YES;
				CLANG_WARN_EMPTY_BODY = YES;
				CLANG_WARN_ENUM_CONVERSION = YES;
				CLANG_WARN_INFINITE_RECURSION = YES;
				CLANG_WARN_INT_CONVERSION = YES;
				CLANG_WARN_NON_LITERAL_NULL_CONVERSION = YES;
				CLANG_WARN_OBJC_IMPLICIT_RETAIN_SELF = YES;
				CLANG_WARN_OBJC_LITERAL_CONVERSION = YES;
				CLANG_WARN_OBJC_ROOT_CLASS = YES_ERROR;
				CLANG_WARN_QUOTED_INCLUDE_IN_FRAMEWORK_HEADER = YES;
				CLANG_WARN_RANGE_LOOP_ANALYSIS = YES;
				CLANG_WARN_STRICT_PROTOTYPES = YES;
				CLANG_WARN_SUSPICIOUS_MOVE = YES;
				CLANG_WARN_UNGUARDED_AVAILABILITY = YES_AGGRESSIVE;
				CLANG_WARN_UNREACHABLE_CODE = YES;
				CLANG_WARN__DUPLICATE_METHOD_MATCH = YES;
				COPY_PHASE_STRIP = NO;
				DEBUG_INFORMATION_FORMAT = dwarf;
				ENABLE_STRICT_OBJC_MSGSEND = YES;
				ENABLE_TESTABILITY = YES;
				ENABLE_USER_SCRIPT_SANDBOXING = YES;
				GCC_C_LANGUAGE_STANDARD = gnu17;
				GCC_DYNAMIC_NO_PIC = NO;
				GCC_NO_COMMON_BLOCKS = YES;
				GCC_OPTIMIZATION_LEVEL = 0;
				GCC_PREPROCESSOR_DEFINITIONS = (
					"DEBUG=1",
					"$(inherited)",
				);
				GCC_WARN_64_TO_32_BIT_CONVERSION = YES;
				GCC_WARN_ABOUT_RETURN_TYPE = YES_ERROR;
				GCC_WARN_UNDECLARED_SELECTOR = YES;
				GCC_WARN_UNINITIALIZED_AUTOS = YES_AGGRESSIVE;
				GCC_WARN_UNUSED_FUNCTION = YES;
				GCC_WARN_UNUSED_VARIABLE = YES;
				LOCALIZATION_PREFERS_STRING_CATALOGS = YES;
				MACOSX_DEPLOYMENT_TARGET = 15.7;
				MTL_ENABLE_DEBUG_INFO = INCLUDE_SOURCE;
				MTL_FAST_MATH = YES;
				ONLY_ACTIVE_ARCH = YES;
				SDKROOT = macosx;
			};
			name = Debug;
		};
		63372B1A2EC8BB93004E5014 /* Release */ = {
			isa = XCBuildConfiguration;
			buildSettings = {
				ALWAYS_SEARCH_USER_PATHS = NO;
				ASSETCATALOG_COMPILER_GENERATE_SWIFT_ASSET_SYMBOL_EXTENSIONS = YES;
				CLANG_ANALYZER_NONNULL = YES;
				CLANG_ANALYZER_NUMBER_OBJECT_CONVERSION = YES_AGGRESSIVE;
				CLANG_CXX_LANGUAGE_STANDARD = "gnu++20";
				CLANG_ENABLE_MODULES = YES;
				CLANG_ENABLE_OBJC_ARC = NO;
				CLANG_ENABLE_OBJC_WEAK = YES;
				CLANG_WARN_BLOCK_CAPTURE_AUTORELEASING = YES;
				CLANG_WARN_BOOL_CONVERSION = YES;
				CLANG_WARN_COMMA = YES;
				CLANG_WARN_CONSTANT_CONVERSION = YES;
				CLANG_WARN_DEPRECATED_OBJC_IMPLEMENTATIONS = YES;
				CLANG_WARN_DIRECT_OBJC_ISA_USAGE = YES_ERROR;
				CLANG_WARN_DOCUMENTATION_COMMENTS = YES;
				CLANG_WARN_EMPTY_BODY = YES;
				CLANG_WARN_ENUM_CONVERSION = YES;
				CLANG_WARN_INFINITE_RECURSION = YES;
				CLANG_WARN_INT_CONVERSION = YES;
				CLANG_WARN_NON_LITERAL_NULL_CONVERSION = YES;
				CLANG_WARN_OBJC_IMPLICIT_RETAIN_SELF = YES;
				CLANG_WARN_OBJC_LITERAL_CONVERSION = YES;
				CLANG_WARN_OBJC_ROOT_CLASS = YES_ERROR;
				CLANG_WARN_QUOTED_INCLUDE_IN_FRAMEWORK_HEADER = YES;
				CLANG_WARN_RANGE_LOOP_ANALYSIS = YES;
				CLANG_WARN_STRICT_PROTOTYPES = YES;
				CLANG_WARN_SUSPICIOUS_MOVE = YES;
				CLANG_WARN_UNGUARDED_AVAILABILITY = YES_AGGRESSIVE;
				CLANG_WARN_UNREACHABLE_CODE = YES;
				CLANG_WARN__DUPLICATE_METHOD_MATCH = YES;
				COPY_PHASE_STRIP = NO;
				DEBUG_INFORMATION_FORMAT = "dwarf-with-dsym";
				ENABLE_NS_ASSERTIONS = NO;
				ENABLE_STRICT_OBJC_MSGSEND = YES;
				ENABLE_USER_SCRIPT_SANDBOXING = YES;
				GCC_C_LANGUAGE_STANDARD = gnu17;
				GCC_NO_COMMON_BLOCKS = YES;
				GCC_WARN_64_TO_32_BIT_CONVERSION = YES;
				GCC_WARN_ABOUT_RETURN_TYPE = YES_ERROR;
				GCC_WARN_UNDECLARED_SELECTOR = YES;
				GCC_WARN_UNINITIALIZED_AUTOS = YES_AGGRESSIVE;
				GCC_WARN_UNUSED_FUNCTION = YES;
				GCC_WARN_UNUSED_VARIABLE = YES;
				LOCALIZATION_PREFERS_STRING_CATALOGS = YES;
				MACOSX_DEPLOYMENT_TARGET = 15.7;
				MTL_ENABLE_DEBUG_INFO = NO;
				MTL_FAST_MATH = YES;
				SDKROOT = macosx;
			};
			name = Release;
		};
		63372B1C2EC8BB93004E5014 /* Debug */ = {
			isa = XCBuildConfiguration;
			buildSettings = {
				CLANG_ENABLE_OBJC_ARC = NO;
				CODE_SIGN_STYLE = Automatic;
				MACOSX_DEPLOYMENT_TARGET = 13.5;
				PRODUCT_NAME = "$(TARGET_NAME)";
			};
			name = Debug;
		};
		63372B1D2EC8BB93004E5014 /* Release */ = {
			isa = XCBuildConfiguration;
			buildSettings = {
				CLANG_ENABLE_OBJC_ARC = NO;
				CODE_SIGN_STYLE = Automatic;
				MACOSX_DEPLOYMENT_TARGET = 13.5;
				PRODUCT_NAME = "$(TARGET_NAME)";
			};
			name = Release;
		};
/* End XCBuildConfiguration section */

/* Begin XCConfigurationList section */
		63372B0F2EC8BB93004E5014 /* Build configuration list for PBXProject "Debug_update_signing_util" */ = {
			isa = XCConfigurationList;
			buildConfigurations = (
				63372B192EC8BB93004E5014 /* Debug */,
				63372B1A2EC8BB93004E5014 /* Release */,
			);
			defaultConfigurationIsVisible = 0;
			defaultConfigurationName = Release;
		};
		63372B1B2EC8BB93004E5014 /* Build configuration list for PBXNativeTarget "update_signing_util_debugger" */ = {
			isa = XCConfigurationList;
			buildConfigurations = (
				63372B1C2EC8BB93004E5014 /* Debug */,
				63372B1D2EC8BB93004E5014 /* Release */,
			);
			defaultConfigurationIsVisible = 0;
			defaultConfigurationName = Release;
		};
/* End XCConfigurationList section */
	};
	rootObject = 63372B0C2EC8BB93004E5014 /* Project object */;
}
