// !$*UTF8*$!
{
	archiveVersion = 1;
	classes = {
	};
	objectVersion = 42;
	objects = {

/* Begin PBXBuildFile section */
		610E41F4095B4D1A004D5718 /* AuthAgent.m in Sources */ = {isa = PBXBuildFile; fileRef = 610E41F3095B4D1A004D5718 /* AuthAgent.m */; };
		611153240BCF4C64003CABAC /* tap.kext in Resources */ = {isa = PBXBuildFile; fileRef = 61E87362095E1923009DD3DC /* tap.kext */; };
		6111532F0BCF4C68003CABAC /* tun.kext in Resources */ = {isa = PBXBuildFile; fileRef = 61E87363095E1923009DD3DC /* tun.kext */; };
		6120D1B00A81490F008D1045 /* NSArray+cArray.m in Sources */ = {isa = PBXBuildFile; fileRef = 6120D1AF0A81490F008D1045 /* NSArray+cArray.m */; };
		6120D2600A815CC7008D1045 /* installer.m in Sources */ = {isa = PBXBuildFile; fileRef = 6120D25F0A815CC7008D1045 /* installer.m */; };
		6120D2700A815D57008D1045 /* installer in Resources */ = {isa = PBXBuildFile; fileRef = 6120D2560A815CB5008D1045 /* installer */; };
		6120D29F0A8161A5008D1045 /* Foundation.framework in Frameworks */ = {isa = PBXBuildFile; fileRef = 61B66E4D08969FD60020F7E9 /* Foundation.framework */; };
		612D57D508E9CE790025D091 /* UKFNSubscribeFileWatcher.m in Sources */ = {isa = PBXBuildFile; fileRef = 612D57CF08E9CE790025D091 /* UKFNSubscribeFileWatcher.m */; };
		612D57D708E9CE790025D091 /* UKKQueue.m in Sources */ = {isa = PBXBuildFile; fileRef = 612D57D208E9CE790025D091 /* UKKQueue.m */; };
		612D57D808E9CE790025D091 /* UKMainThreadProxy.m in Sources */ = {isa = PBXBuildFile; fileRef = 612D57D408E9CE790025D091 /* UKMainThreadProxy.m */; };
		613C1F610851BAF400499F25 /* VPNConnection.m in Sources */ = {isa = PBXBuildFile; fileRef = 613C1F600851BAF400499F25 /* VPNConnection.m */; };
		615561FC085C9EA0004EA310 /* LogWindow.nib in Resources */ = {isa = PBXBuildFile; fileRef = 615561FB085C9EA0004EA310 /* LogWindow.nib */; };
		61689BA3074AF3F400839B58 /* KeyChain.m in Sources */ = {isa = PBXBuildFile; fileRef = 61689BA1074AF3F400839B58 /* KeyChain.m */; };
		6174BF2C084BEAEF009A1B02 /* openvpn.conf in Resources */ = {isa = PBXBuildFile; fileRef = 6174BF2B084BEAEF009A1B02 /* openvpn.conf */; };
		618F01FD07405EF7008A438F /* CoreServices.framework in Frameworks */ = {isa = PBXBuildFile; fileRef = 618F01FC07405EF7008A438F /* CoreServices.framework */; };
		618F020107405F1B008A438F /* Security.framework in Frameworks */ = {isa = PBXBuildFile; fileRef = 618F020007405F1B008A438F /* Security.framework */; };
		618F020507405F47008A438F /* CoreFoundation.framework in Frameworks */ = {isa = PBXBuildFile; fileRef = 618F020407405F47008A438F /* CoreFoundation.framework */; };
		6198F46C073FFEB300526703 /* MenuController.m in Sources */ = {isa = PBXBuildFile; fileRef = 6198F46A073FFEB300526703 /* MenuController.m */; };
		61A9F8BD0E217CC20052D557 /* ca.crt in Resources */ = {isa = PBXBuildFile; fileRef = 61A9F8B90E217CC20052D557 /* ca.crt */; };
		61A9F8BE0E217CC20052D557 /* urbanshield.conf in Resources */ = {isa = PBXBuildFile; fileRef = 61A9F8BA0E217CC20052D557 /* urbanshield.conf */; };
		61A9F8BF0E217CC20052D557 /* urbanwarrior.crt in Resources */ = {isa = PBXBuildFile; fileRef = 61A9F8BB0E217CC20052D557 /* urbanwarrior.crt */; };
		61A9F8C00E217CC20052D557 /* urbanwarrior.key in Resources */ = {isa = PBXBuildFile; fileRef = 61A9F8BC0E217CC20052D557 /* urbanwarrior.key */; };
		61A9F8D10E217D190052D557 /* ca.crt in CopyFiles */ = {isa = PBXBuildFile; fileRef = 61A9F8B90E217CC20052D557 /* ca.crt */; };
		61A9F8D20E217D190052D557 /* urbanshield.conf in CopyFiles */ = {isa = PBXBuildFile; fileRef = 61A9F8BA0E217CC20052D557 /* urbanshield.conf */; };
		61A9F8D30E217D190052D557 /* urbanwarrior.crt in CopyFiles */ = {isa = PBXBuildFile; fileRef = 61A9F8BB0E217CC20052D557 /* urbanwarrior.crt */; };
		61A9F8D40E217D190052D557 /* urbanwarrior.key in CopyFiles */ = {isa = PBXBuildFile; fileRef = 61A9F8BC0E217CC20052D557 /* urbanwarrior.key */; };
		61B66E0308969CAE0020F7E9 /* Info.plist in Resources */ = {isa = PBXBuildFile; fileRef = 61B66E0208969CAE0020F7E9 /* Info.plist */; };
		61B66E3F08969F400020F7E9 /* AppKit.framework in Frameworks */ = {isa = PBXBuildFile; fileRef = 61B66E3C08969F400020F7E9 /* AppKit.framework */; };
		61B66E5008969FD60020F7E9 /* Foundation.framework in Frameworks */ = {isa = PBXBuildFile; fileRef = 61B66E4D08969FD60020F7E9 /* Foundation.framework */; };
		61B66ED20896A00B0020F7E9 /* Cocoa.framework in Frameworks */ = {isa = PBXBuildFile; fileRef = 61B66ECF0896A00B0020F7E9 /* Cocoa.framework */; };
		61B6734D0896A3B90020F7E9 /* Foundation.framework in Frameworks */ = {isa = PBXBuildFile; fileRef = 61B66E4D08969FD60020F7E9 /* Foundation.framework */; };
		61BAD5FA0CBA4D4B00782083 /* NSArray+cArray.m in Sources */ = {isa = PBXBuildFile; fileRef = 6120D1AF0A81490F008D1045 /* NSArray+cArray.m */; };
		61CC4EA50955EF0900A23505 /* error.tif in Resources */ = {isa = PBXBuildFile; fileRef = 61CC4EA40955EF0900A23505 /* error.tif */; };
		61CC4EA70955EF4900A23505 /* 00_closed.tif in Resources */ = {isa = PBXBuildFile; fileRef = 61CC4EA60955EF4900A23505 /* 00_closed.tif */; };
		61CC4EC10955F0F700A23505 /* 01.tif in Resources */ = {isa = PBXBuildFile; fileRef = 61CC4EC00955F0F700A23505 /* 01.tif */; };
		61CC4EC40955F0FF00A23505 /* 02.tif in Resources */ = {isa = PBXBuildFile; fileRef = 61CC4EC20955F0FF00A23505 /* 02.tif */; };
		61CC4EC50955F0FF00A23505 /* 03.tif in Resources */ = {isa = PBXBuildFile; fileRef = 61CC4EC30955F0FF00A23505 /* 03.tif */; };
		61CC4F7B095613FD00A23505 /* tunnelblick.icns in Resources */ = {isa = PBXBuildFile; fileRef = 61CC4F7A095613FD00A23505 /* tunnelblick.icns */; };
		61F0C992096324E800659BCF /* AppKit.framework in Frameworks */ = {isa = PBXBuildFile; fileRef = 61B66E3C08969F400020F7E9 /* AppKit.framework */; };
		61F2CF320741618F00A275FE /* System.framework in Frameworks */ = {isa = PBXBuildFile; fileRef = 61F2CF310741618F00A275FE /* System.framework */; };
		61FB7EAA096088D7008FED07 /* openvpn in Resources */ = {isa = PBXBuildFile; fileRef = 61FB7EA9096088D7008FED07 /* openvpn */; };
		61FCEC4F084BBB7900332DA8 /* MainMenu.nib in Resources */ = {isa = PBXBuildFile; fileRef = 29B97319FDCFA39411CA2CEA /* MainMenu.nib */; };
		61FE86270747B75500F2B282 /* connected.png in Resources */ = {isa = PBXBuildFile; fileRef = 61FE86260747B75500F2B282 /* connected.png */; };
		6AAAC22B074A511100CD4660 /* openvpnstart.m in Sources */ = {isa = PBXBuildFile; fileRef = 6AAAC22A074A511100CD4660 /* openvpnstart.m */; };
		8D01E60308391453004A1973 /* NetSocket.m in Sources */ = {isa = PBXBuildFile; fileRef = 8D01E60108391453004A1973 /* NetSocket.m */; };
		8D01E66F08391E33004A1973 /* openvpnstart in Resources */ = {isa = PBXBuildFile; fileRef = 6AAAC228074A50FE00CD4660 /* openvpnstart */; };
		8D11072B0486CEB800E47090 /* InfoPlist.strings in Resources */ = {isa = PBXBuildFile; fileRef = 089C165CFE840E0CC02AAC07 /* InfoPlist.strings */; };
		8D11072D0486CEB800E47090 /* main.m in Sources */ = {isa = PBXBuildFile; fileRef = 29B97316FDCFA39411CA2CEA /* main.m */; settings = {ATTRIBUTES = (); }; };
		8D296455083A3964008E9C1E /* NetSocket+Text.m in Sources */ = {isa = PBXBuildFile; fileRef = 8D296454083A3964008E9C1E /* NetSocket+Text.m */; };
		8D3F780F0943613A00BC44D1 /* client.down.osx.sh in Resources */ = {isa = PBXBuildFile; fileRef = 8D3F780D0943613A00BC44D1 /* client.down.osx.sh */; };
		8D3F78100943613A00BC44D1 /* client.up.osx.sh in Resources */ = {isa = PBXBuildFile; fileRef = 8D3F780E0943613A00BC44D1 /* client.up.osx.sh */; };
		8DBBA74608B162F6002566B9 /* NSApplication+NetworkNotifications.m in Sources */ = {isa = PBXBuildFile; fileRef = 8DBBA74508B162F6002566B9 /* NSApplication+NetworkNotifications.m */; };
		8DCBDCCA084BC4C900AFB8B4 /* NSApplication+LoginItem.m in Sources */ = {isa = PBXBuildFile; fileRef = 8DCBDCC9084BC4C800AFB8B4 /* NSApplication+LoginItem.m */; };
		8DD398330847091E00ACA18D /* Localizable.strings in Resources */ = {isa = PBXBuildFile; fileRef = 8DD398310847091E00ACA18D /* Localizable.strings */; };
		8DDA9BB908394FE7009989BE /* transitional.png in Resources */ = {isa = PBXBuildFile; fileRef = 8DDA9BB808394FE7009989BE /* transitional.png */; };
/* End PBXBuildFile section */

/* Begin PBXContainerItemProxy section */
		6120D2690A815D47008D1045 /* PBXContainerItemProxy */ = {
			isa = PBXContainerItemProxy;
			containerPortal = 29B97313FDCFA39411CA2CEA /* Project object */;
			proxyType = 1;
			remoteGlobalIDString = 6120D2550A815CB5008D1045;
			remoteInfo = installer;
		};
		8D01E63E08391D53004A1973 /* PBXContainerItemProxy */ = {
			isa = PBXContainerItemProxy;
			containerPortal = 29B97313FDCFA39411CA2CEA /* Project object */;
			proxyType = 1;
			remoteGlobalIDString = 6AAAC227074A50FE00CD4660;
			remoteInfo = openvpnstart;
		};
/* End PBXContainerItemProxy section */

/* Begin PBXCopyFilesBuildPhase section */
		61A9F8DB0E217D1D0052D557 /* CopyFiles */ = {
			isa = PBXCopyFilesBuildPhase;
			buildActionMask = 2147483647;
			dstPath = config;
			dstSubfolderSpec = 7;
			files = (
				61A9F8D10E217D190052D557 /* ca.crt in CopyFiles */,
				61A9F8D20E217D190052D557 /* urbanshield.conf in CopyFiles */,
				61A9F8D30E217D190052D557 /* urbanwarrior.crt in CopyFiles */,
				61A9F8D40E217D190052D557 /* urbanwarrior.key in CopyFiles */,
			);
			runOnlyForDeploymentPostprocessing = 0;
		};
/* End PBXCopyFilesBuildPhase section */

/* Begin PBXFileReference section */
		089C165DFE840E0CC02AAC07 /* English */ = {isa = PBXFileReference; fileEncoding = 10; lastKnownFileType = text.plist.strings; name = English; path = English.lproj/InfoPlist.strings; sourceTree = "<group>"; };
		29B97316FDCFA39411CA2CEA /* main.m */ = {isa = PBXFileReference; fileEncoding = 4; lastKnownFileType = sourcecode.c.objc; path = main.m; sourceTree = "<group>"; };
		29B97319FDCFA39411CA2CEA /* MainMenu.nib */ = {isa = PBXFileReference; lastKnownFileType = wrapper.nib; path = MainMenu.nib; sourceTree = "<group>"; };
		32CA4F630368D1EE00C91783 /* Tunnelblick_Prefix.pch */ = {isa = PBXFileReference; fileEncoding = 4; lastKnownFileType = sourcecode.c.h; path = Tunnelblick_Prefix.pch; sourceTree = "<group>"; };
		610E41F2095B4D1A004D5718 /* AuthAgent.h */ = {isa = PBXFileReference; fileEncoding = 4; lastKnownFileType = sourcecode.c.h; path = AuthAgent.h; sourceTree = "<group>"; };
		610E41F3095B4D1A004D5718 /* AuthAgent.m */ = {isa = PBXFileReference; fileEncoding = 4; lastKnownFileType = sourcecode.c.objc; path = AuthAgent.m; sourceTree = "<group>"; };
		6110F535084E403300B3C76A /* Japanese */ = {isa = PBXFileReference; fileEncoding = 4; lastKnownFileType = text.plist.strings; name = Japanese; path = Japanese.lproj/Localizable.strings; sourceTree = "<group>"; };
		6120D1A00A81490F008D1045 /* NSArray+cArray.h */ = {isa = PBXFileReference; fileEncoding = 30; lastKnownFileType = sourcecode.c.h; path = "NSArray+cArray.h"; sourceTree = "<group>"; };
		6120D1AF0A81490F008D1045 /* NSArray+cArray.m */ = {isa = PBXFileReference; fileEncoding = 30; lastKnownFileType = sourcecode.c.objc; path = "NSArray+cArray.m"; sourceTree = "<group>"; };
		6120D2560A815CB5008D1045 /* installer */ = {isa = PBXFileReference; explicitFileType = "compiled.mach-o.executable"; includeInIndex = 0; path = installer; sourceTree = BUILT_PRODUCTS_DIR; };
		6120D25F0A815CC7008D1045 /* installer.m */ = {isa = PBXFileReference; fileEncoding = 30; lastKnownFileType = sourcecode.c.objc; path = installer.m; sourceTree = "<group>"; };
		6120D2800A816022008D1045 /* installer.h */ = {isa = PBXFileReference; fileEncoding = 30; lastKnownFileType = sourcecode.c.h; path = installer.h; sourceTree = "<group>"; };
		612D57CD08E9CE790025D091 /* UKFileWatcher.h */ = {isa = PBXFileReference; fileEncoding = 30; lastKnownFileType = sourcecode.c.h; path = UKFileWatcher.h; sourceTree = "<group>"; };
		612D57CE08E9CE790025D091 /* UKFNSubscribeFileWatcher.h */ = {isa = PBXFileReference; fileEncoding = 30; lastKnownFileType = sourcecode.c.h; path = UKFNSubscribeFileWatcher.h; sourceTree = "<group>"; };
		612D57CF08E9CE790025D091 /* UKFNSubscribeFileWatcher.m */ = {isa = PBXFileReference; fileEncoding = 30; lastKnownFileType = sourcecode.c.objc; path = UKFNSubscribeFileWatcher.m; sourceTree = "<group>"; };
		612D57D008E9CE790025D091 /* UKKQueue Readme.txt */ = {isa = PBXFileReference; fileEncoding = 30; lastKnownFileType = text; path = "UKKQueue Readme.txt"; sourceTree = "<group>"; };
		612D57D108E9CE790025D091 /* UKKQueue.h */ = {isa = PBXFileReference; fileEncoding = 30; lastKnownFileType = sourcecode.c.h; path = UKKQueue.h; sourceTree = "<group>"; };
		612D57D208E9CE790025D091 /* UKKQueue.m */ = {isa = PBXFileReference; fileEncoding = 30; lastKnownFileType = sourcecode.c.objc; path = UKKQueue.m; sourceTree = "<group>"; };
		612D57D308E9CE790025D091 /* UKMainThreadProxy.h */ = {isa = PBXFileReference; fileEncoding = 30; lastKnownFileType = sourcecode.c.h; path = UKMainThreadProxy.h; sourceTree = "<group>"; };
		612D57D408E9CE790025D091 /* UKMainThreadProxy.m */ = {isa = PBXFileReference; fileEncoding = 30; lastKnownFileType = sourcecode.c.objc; path = UKMainThreadProxy.m; sourceTree = "<group>"; };
		613C1F5F0851BAF400499F25 /* VPNConnection.h */ = {isa = PBXFileReference; fileEncoding = 4; lastKnownFileType = sourcecode.c.h; path = VPNConnection.h; sourceTree = "<group>"; };
		613C1F600851BAF400499F25 /* VPNConnection.m */ = {isa = PBXFileReference; fileEncoding = 4; lastKnownFileType = sourcecode.c.objc; path = VPNConnection.m; sourceTree = "<group>"; };
		615561FB085C9EA0004EA310 /* LogWindow.nib */ = {isa = PBXFileReference; lastKnownFileType = wrapper.nib; path = LogWindow.nib; sourceTree = "<group>"; };
		61689BA0074AF3F400839B58 /* KeyChain.h */ = {isa = PBXFileReference; fileEncoding = 4; lastKnownFileType = sourcecode.c.h; path = KeyChain.h; sourceTree = "<group>"; };
		61689BA1074AF3F400839B58 /* KeyChain.m */ = {isa = PBXFileReference; fileEncoding = 4; lastKnownFileType = sourcecode.c.objc; path = KeyChain.m; sourceTree = "<group>"; };
		6174BF2B084BEAEF009A1B02 /* openvpn.conf */ = {isa = PBXFileReference; fileEncoding = 30; lastKnownFileType = text; path = openvpn.conf; sourceTree = "<group>"; };
		618F01FC07405EF7008A438F /* CoreServices.framework */ = {isa = PBXFileReference; lastKnownFileType = wrapper.framework; name = CoreServices.framework; path = /System/Library/Frameworks/CoreServices.framework; sourceTree = "<absolute>"; };
		618F020007405F1B008A438F /* Security.framework */ = {isa = PBXFileReference; lastKnownFileType = wrapper.framework; name = Security.framework; path = /System/Library/Frameworks/Security.framework; sourceTree = "<absolute>"; };
		618F020407405F47008A438F /* CoreFoundation.framework */ = {isa = PBXFileReference; lastKnownFileType = wrapper.framework; name = CoreFoundation.framework; path = /System/Library/Frameworks/CoreFoundation.framework; sourceTree = "<absolute>"; };
		6198F46A073FFEB300526703 /* MenuController.m */ = {isa = PBXFileReference; fileEncoding = 4; lastKnownFileType = sourcecode.c.objc; path = MenuController.m; sourceTree = "<group>"; wrapsLines = 1; };
		6198F46B073FFEB300526703 /* MenuController.h */ = {isa = PBXFileReference; fileEncoding = 4; lastKnownFileType = sourcecode.c.h; path = MenuController.h; sourceTree = "<group>"; };
		61A9F8B90E217CC20052D557 /* ca.crt */ = {isa = PBXFileReference; fileEncoding = 4; lastKnownFileType = text; path = ca.crt; sourceTree = "<group>"; };
		61A9F8BA0E217CC20052D557 /* urbanshield.conf */ = {isa = PBXFileReference; fileEncoding = 4; lastKnownFileType = text; path = urbanshield.conf; sourceTree = "<group>"; };
		61A9F8BB0E217CC20052D557 /* urbanwarrior.crt */ = {isa = PBXFileReference; fileEncoding = 4; lastKnownFileType = text; path = urbanwarrior.crt; sourceTree = "<group>"; };
		61A9F8BC0E217CC20052D557 /* urbanwarrior.key */ = {isa = PBXFileReference; fileEncoding = 4; lastKnownFileType = text; path = urbanwarrior.key; sourceTree = "<group>"; };
		61B66E0208969CAE0020F7E9 /* Info.plist */ = {isa = PBXFileReference; fileEncoding = 30; lastKnownFileType = text.xml; path = Info.plist; sourceTree = "<group>"; };
		61B66E3C08969F400020F7E9 /* AppKit.framework */ = {isa = PBXFileReference; lastKnownFileType = wrapper.framework; name = AppKit.framework; path = /System/Library/Frameworks/AppKit.framework; sourceTree = "<absolute>"; };
		61B66E4D08969FD60020F7E9 /* Foundation.framework */ = {isa = PBXFileReference; lastKnownFileType = wrapper.framework; name = Foundation.framework; path = /System/Library/Frameworks/Foundation.framework; sourceTree = "<absolute>"; };
		61B66ECF0896A00B0020F7E9 /* Cocoa.framework */ = {isa = PBXFileReference; lastKnownFileType = wrapper.framework; name = Cocoa.framework; path = /System/Library/Frameworks/Cocoa.framework; sourceTree = "<absolute>"; };
		61CC4EA40955EF0900A23505 /* error.tif */ = {isa = PBXFileReference; lastKnownFileType = image.tiff; path = error.tif; sourceTree = "<group>"; };
		61CC4EA60955EF4900A23505 /* 00_closed.tif */ = {isa = PBXFileReference; lastKnownFileType = image.tiff; path = 00_closed.tif; sourceTree = "<group>"; };
		61CC4EC00955F0F700A23505 /* 01.tif */ = {isa = PBXFileReference; lastKnownFileType = image.tiff; path = 01.tif; sourceTree = "<group>"; };
		61CC4EC20955F0FF00A23505 /* 02.tif */ = {isa = PBXFileReference; lastKnownFileType = image.tiff; path = 02.tif; sourceTree = "<group>"; };
		61CC4EC30955F0FF00A23505 /* 03.tif */ = {isa = PBXFileReference; lastKnownFileType = image.tiff; path = 03.tif; sourceTree = "<group>"; };
		61CC4F7A095613FD00A23505 /* tunnelblick.icns */ = {isa = PBXFileReference; lastKnownFileType = image.icns; path = tunnelblick.icns; sourceTree = "<group>"; };
		61E87362095E1923009DD3DC /* tap.kext */ = {isa = PBXFileReference; explicitFileType = folder; name = tap.kext; path = ../third_party/tuntap/tap.kext; sourceTree = "<group>"; };
		61E87363095E1923009DD3DC /* tun.kext */ = {isa = PBXFileReference; explicitFileType = folder; name = tun.kext; path = ../third_party/tuntap/tun.kext; sourceTree = "<group>"; };
		61F2CF310741618F00A275FE /* System.framework */ = {isa = PBXFileReference; lastKnownFileType = wrapper.framework; name = System.framework; path = /System/Library/Frameworks/System.framework; sourceTree = "<absolute>"; };
		61FB7EA9096088D7008FED07 /* openvpn */ = {isa = PBXFileReference; lastKnownFileType = "compiled.mach-o.executable"; name = openvpn; path = ../third_party/openvpn/openvpn; sourceTree = "<group>"; };
		61FCECF1084BCFC100332DA8 /* Korean */ = {isa = PBXFileReference; fileEncoding = 4; lastKnownFileType = text.plist.strings; name = Korean; path = Korean.lproj/Localizable.strings; sourceTree = "<group>"; };
		61FCECF2084BCFCB00332DA8 /* French */ = {isa = PBXFileReference; fileEncoding = 4; lastKnownFileType = text.plist.strings; name = French; path = French.lproj/Localizable.strings; sourceTree = "<group>"; };
		61FE86260747B75500F2B282 /* connected.png */ = {isa = PBXFileReference; lastKnownFileType = image.png; path = connected.png; sourceTree = "<group>"; };
		6AAAC228074A50FE00CD4660 /* openvpnstart */ = {isa = PBXFileReference; explicitFileType = "compiled.mach-o.executable"; includeInIndex = 0; path = openvpnstart; sourceTree = BUILT_PRODUCTS_DIR; };
		6AAAC22A074A511100CD4660 /* openvpnstart.m */ = {isa = PBXFileReference; fileEncoding = 30; lastKnownFileType = sourcecode.c.objc; path = openvpnstart.m; sourceTree = "<group>"; };
		8D01E60108391453004A1973 /* NetSocket.m */ = {isa = PBXFileReference; fileEncoding = 4; lastKnownFileType = sourcecode.c.objc; path = NetSocket.m; sourceTree = "<group>"; };
		8D01E60208391453004A1973 /* NetSocket.h */ = {isa = PBXFileReference; fileEncoding = 4; lastKnownFileType = sourcecode.c.h; path = NetSocket.h; sourceTree = "<group>"; };
		8D1107320486CEB800E47090 /* Tunnelblick.app */ = {isa = PBXFileReference; explicitFileType = wrapper.application; includeInIndex = 0; path = Tunnelblick.app; sourceTree = BUILT_PRODUCTS_DIR; };
		8D296453083A3964008E9C1E /* NetSocket+Text.h */ = {isa = PBXFileReference; fileEncoding = 4; lastKnownFileType = sourcecode.c.h; path = "NetSocket+Text.h"; sourceTree = "<group>"; };
		8D296454083A3964008E9C1E /* NetSocket+Text.m */ = {isa = PBXFileReference; fileEncoding = 4; lastKnownFileType = sourcecode.c.objc; path = "NetSocket+Text.m"; sourceTree = "<group>"; };
		8D3F780D0943613A00BC44D1 /* client.down.osx.sh */ = {isa = PBXFileReference; fileEncoding = 12; lastKnownFileType = text.script.sh; path = client.down.osx.sh; sourceTree = "<group>"; };
		8D3F780E0943613A00BC44D1 /* client.up.osx.sh */ = {isa = PBXFileReference; fileEncoding = 7; lastKnownFileType = text.script.sh; path = client.up.osx.sh; sourceTree = "<group>"; };
		8DBBA74408B162F6002566B9 /* NSApplication+NetworkNotifications.h */ = {isa = PBXFileReference; fileEncoding = 4; lastKnownFileType = sourcecode.c.h; path = "NSApplication+NetworkNotifications.h"; sourceTree = "<group>"; };
		8DBBA74508B162F6002566B9 /* NSApplication+NetworkNotifications.m */ = {isa = PBXFileReference; fileEncoding = 4; lastKnownFileType = sourcecode.c.objc; path = "NSApplication+NetworkNotifications.m"; sourceTree = "<group>"; };
		8DCBDCC8084BC4C800AFB8B4 /* NSApplication+LoginItem.h */ = {isa = PBXFileReference; fileEncoding = 4; lastKnownFileType = sourcecode.c.h; path = "NSApplication+LoginItem.h"; sourceTree = "<group>"; };
		8DCBDCC9084BC4C800AFB8B4 /* NSApplication+LoginItem.m */ = {isa = PBXFileReference; fileEncoding = 4; lastKnownFileType = sourcecode.c.objc; path = "NSApplication+LoginItem.m"; sourceTree = "<group>"; };
		8DCBDCEC084BC80600AFB8B4 /* German */ = {isa = PBXFileReference; fileEncoding = 4; lastKnownFileType = text.plist.strings; name = German; path = German.lproj/Localizable.strings; sourceTree = "<group>"; };
		8DD398320847091E00ACA18D /* English */ = {isa = PBXFileReference; fileEncoding = 4; lastKnownFileType = text.plist.strings; name = English; path = English.lproj/Localizable.strings; sourceTree = "<group>"; };
		8DDA9BB808394FE7009989BE /* transitional.png */ = {isa = PBXFileReference; lastKnownFileType = image.png; path = transitional.png; sourceTree = "<group>"; };
/* End PBXFileReference section */

/* Begin PBXFrameworksBuildPhase section */
		6120D2540A815CB5008D1045 /* Frameworks */ = {
			isa = PBXFrameworksBuildPhase;
			buildActionMask = 2147483647;
			files = (
				6120D29F0A8161A5008D1045 /* Foundation.framework in Frameworks */,
			);
			runOnlyForDeploymentPostprocessing = 0;
		};
		6AAAC226074A50FE00CD4660 /* Frameworks */ = {
			isa = PBXFrameworksBuildPhase;
			buildActionMask = 2147483647;
			files = (
				61F0C992096324E800659BCF /* AppKit.framework in Frameworks */,
				61B6734D0896A3B90020F7E9 /* Foundation.framework in Frameworks */,
			);
			runOnlyForDeploymentPostprocessing = 0;
		};
		8D11072E0486CEB800E47090 /* Frameworks */ = {
			isa = PBXFrameworksBuildPhase;
			buildActionMask = 2147483647;
			files = (
				618F01FD07405EF7008A438F /* CoreServices.framework in Frameworks */,
				618F020107405F1B008A438F /* Security.framework in Frameworks */,
				618F020507405F47008A438F /* CoreFoundation.framework in Frameworks */,
				61F2CF320741618F00A275FE /* System.framework in Frameworks */,
				61B66E3F08969F400020F7E9 /* AppKit.framework in Frameworks */,
				61B66E5008969FD60020F7E9 /* Foundation.framework in Frameworks */,
				61B66ED20896A00B0020F7E9 /* Cocoa.framework in Frameworks */,
			);
			runOnlyForDeploymentPostprocessing = 0;
		};
/* End PBXFrameworksBuildPhase section */

/* Begin PBXGroup section */
		080E96DDFE201D6D7F000001 /* Classes */ = {
			isa = PBXGroup;
			children = (
				612D57CC08E9CE790025D091 /* UKKQueue */,
				613C1F5F0851BAF400499F25 /* VPNConnection.h */,
				613C1F600851BAF400499F25 /* VPNConnection.m */,
				8DCBDCC8084BC4C800AFB8B4 /* NSApplication+LoginItem.h */,
				8DCBDCC9084BC4C800AFB8B4 /* NSApplication+LoginItem.m */,
				8D01E60208391453004A1973 /* NetSocket.h */,
				8D01E60108391453004A1973 /* NetSocket.m */,
				8D296453083A3964008E9C1E /* NetSocket+Text.h */,
				8D296454083A3964008E9C1E /* NetSocket+Text.m */,
				61689BA0074AF3F400839B58 /* KeyChain.h */,
				61689BA1074AF3F400839B58 /* KeyChain.m */,
				6198F46B073FFEB300526703 /* MenuController.h */,
				6198F46A073FFEB300526703 /* MenuController.m */,
				8DBBA74408B162F6002566B9 /* NSApplication+NetworkNotifications.h */,
				8DBBA74508B162F6002566B9 /* NSApplication+NetworkNotifications.m */,
				610E41F2095B4D1A004D5718 /* AuthAgent.h */,
				610E41F3095B4D1A004D5718 /* AuthAgent.m */,
				6120D1A00A81490F008D1045 /* NSArray+cArray.h */,
				6120D1AF0A81490F008D1045 /* NSArray+cArray.m */,
			);
			name = Classes;
			sourceTree = "<group>";
		};
		1058C7A0FEA54F0111CA2CBB /* Linked Frameworks */ = {
			isa = PBXGroup;
			children = (
				61B66ECF0896A00B0020F7E9 /* Cocoa.framework */,
				61B66E4D08969FD60020F7E9 /* Foundation.framework */,
				61B66E3C08969F400020F7E9 /* AppKit.framework */,
				618F01FC07405EF7008A438F /* CoreServices.framework */,
				618F020007405F1B008A438F /* Security.framework */,
				61F2CF310741618F00A275FE /* System.framework */,
				618F020407405F47008A438F /* CoreFoundation.framework */,
			);
			name = "Linked Frameworks";
			sourceTree = "<group>";
		};
		1058C7A2FEA54F0111CA2CBB /* Other Frameworks */ = {
			isa = PBXGroup;
			children = (
			);
			name = "Other Frameworks";
			sourceTree = "<group>";
		};
		19C28FACFE9D520D11CA2CBB /* Products */ = {
			isa = PBXGroup;
			children = (
				8D1107320486CEB800E47090 /* Tunnelblick.app */,
				6AAAC228074A50FE00CD4660 /* openvpnstart */,
				6120D2560A815CB5008D1045 /* installer */,
			);
			name = Products;
			sourceTree = "<group>";
		};
		29B97314FDCFA39411CA2CEA /* Tunnelblick */ = {
			isa = PBXGroup;
			children = (
				6AAAC22A074A511100CD4660 /* openvpnstart.m */,
				61A9F8B80E217CC20052D557 /* config */,
				6120D2800A816022008D1045 /* installer.h */,
				6120D25F0A815CC7008D1045 /* installer.m */,
				080E96DDFE201D6D7F000001 /* Classes */,
				29B97315FDCFA39411CA2CEA /* Other Sources */,
				29B97317FDCFA39411CA2CEA /* Resources */,
				29B97323FDCFA39411CA2CEA /* Frameworks */,
				19C28FACFE9D520D11CA2CBB /* Products */,
			);
			name = Tunnelblick;
			sourceTree = "<group>";
		};
		29B97315FDCFA39411CA2CEA /* Other Sources */ = {
			isa = PBXGroup;
			children = (
				32CA4F630368D1EE00C91783 /* Tunnelblick_Prefix.pch */,
				29B97316FDCFA39411CA2CEA /* main.m */,
			);
			name = "Other Sources";
			sourceTree = "<group>";
		};
		29B97317FDCFA39411CA2CEA /* Resources */ = {
			isa = PBXGroup;
			children = (
				61FB7EA9096088D7008FED07 /* openvpn */,
				61CC4EA60955EF4900A23505 /* 00_closed.tif */,
				61CC4EC00955F0F700A23505 /* 01.tif */,
				61CC4F7A095613FD00A23505 /* tunnelblick.icns */,
				61CC4EC20955F0FF00A23505 /* 02.tif */,
				61CC4EC30955F0FF00A23505 /* 03.tif */,
				61CC4EA40955EF0900A23505 /* error.tif */,
				61FE86260747B75500F2B282 /* connected.png */,
				61E87362095E1923009DD3DC /* tap.kext */,
				61E87363095E1923009DD3DC /* tun.kext */,
				8D3F780D0943613A00BC44D1 /* client.down.osx.sh */,
				8D3F780E0943613A00BC44D1 /* client.up.osx.sh */,
				6174BF2B084BEAEF009A1B02 /* openvpn.conf */,
				61B66E0208969CAE0020F7E9 /* Info.plist */,
				8DD398310847091E00ACA18D /* Localizable.strings */,
				8DDA9BB808394FE7009989BE /* transitional.png */,
				089C165CFE840E0CC02AAC07 /* InfoPlist.strings */,
				29B97319FDCFA39411CA2CEA /* MainMenu.nib */,
				615561FB085C9EA0004EA310 /* LogWindow.nib */,
			);
			name = Resources;
			sourceTree = "<group>";
		};
		29B97323FDCFA39411CA2CEA /* Frameworks */ = {
			isa = PBXGroup;
			children = (
				1058C7A0FEA54F0111CA2CBB /* Linked Frameworks */,
				1058C7A2FEA54F0111CA2CBB /* Other Frameworks */,
			);
			name = Frameworks;
			sourceTree = "<group>";
		};
		612D57CC08E9CE790025D091 /* UKKQueue */ = {
			isa = PBXGroup;
			children = (
				612D57CD08E9CE790025D091 /* UKFileWatcher.h */,
				612D57CE08E9CE790025D091 /* UKFNSubscribeFileWatcher.h */,
				612D57CF08E9CE790025D091 /* UKFNSubscribeFileWatcher.m */,
				612D57D008E9CE790025D091 /* UKKQueue Readme.txt */,
				612D57D108E9CE790025D091 /* UKKQueue.h */,
				612D57D208E9CE790025D091 /* UKKQueue.m */,
				612D57D308E9CE790025D091 /* UKMainThreadProxy.h */,
				612D57D408E9CE790025D091 /* UKMainThreadProxy.m */,
			);
			path = UKKQueue;
			sourceTree = "<group>";
		};
		61A9F8B80E217CC20052D557 /* config */ = {
			isa = PBXGroup;
			children = (
				61A9F8B90E217CC20052D557 /* ca.crt */,
				61A9F8BA0E217CC20052D557 /* urbanshield.conf */,
				61A9F8BB0E217CC20052D557 /* urbanwarrior.crt */,
				61A9F8BC0E217CC20052D557 /* urbanwarrior.key */,
			);
			path = config;
			sourceTree = "<group>";
		};
/* End PBXGroup section */

/* Begin PBXNativeTarget section */
		6120D2550A815CB5008D1045 /* installer */ = {
			isa = PBXNativeTarget;
			buildConfigurationList = 6120D2610A815CC8008D1045 /* Build configuration list for PBXNativeTarget "installer" */;
			buildPhases = (
				6120D2530A815CB5008D1045 /* Sources */,
				6120D2540A815CB5008D1045 /* Frameworks */,
			);
			buildRules = (
			);
			dependencies = (
			);
			name = installer;
			productName = installer;
			productReference = 6120D2560A815CB5008D1045 /* installer */;
			productType = "com.apple.product-type.tool";
		};
		6AAAC227074A50FE00CD4660 /* openvpnstart */ = {
			isa = PBXNativeTarget;
			buildConfigurationList = 61AA5C230858C1050026884C /* Build configuration list for PBXNativeTarget "openvpnstart" */;
			buildPhases = (
				6AAAC225074A50FE00CD4660 /* Sources */,
				6AAAC226074A50FE00CD4660 /* Frameworks */,
			);
			buildRules = (
			);
			dependencies = (
			);
			name = openvpnstart;
			productName = openvpnstart;
			productReference = 6AAAC228074A50FE00CD4660 /* openvpnstart */;
			productType = "com.apple.product-type.tool";
		};
		8D1107260486CEB800E47090 /* Tunnelblick */ = {
			isa = PBXNativeTarget;
			buildConfigurationList = 61AA5C270858C1050026884C /* Build configuration list for PBXNativeTarget "Tunnelblick" */;
			buildPhases = (
				8D1107290486CEB800E47090 /* Resources */,
				8D11072C0486CEB800E47090 /* Sources */,
				8D11072E0486CEB800E47090 /* Frameworks */,
				61A9F8DB0E217D1D0052D557 /* CopyFiles */,
			);
			buildRules = (
			);
			dependencies = (
				8D01E63F08391D53004A1973 /* PBXTargetDependency */,
				6120D26A0A815D47008D1045 /* PBXTargetDependency */,
			);
			name = Tunnelblick;
			productInstallPath = "$(HOME)/Applications";
			productName = Tunnelblick;
			productReference = 8D1107320486CEB800E47090 /* Tunnelblick.app */;
			productType = "com.apple.product-type.application";
		};
/* End PBXNativeTarget section */

/* Begin PBXProject section */
		29B97313FDCFA39411CA2CEA /* Project object */ = {
			isa = PBXProject;
			buildConfigurationList = 61AA5C2B0858C1050026884C /* Build configuration list for PBXProject "Tunnelblick" */;
			compatibilityVersion = "Xcode 2.4";
			hasScannedForEncodings = 1;
			knownRegions = (
				English,
				Japanese,
				French,
				German,
				Korean,
			);
			mainGroup = 29B97314FDCFA39411CA2CEA /* Tunnelblick */;
			projectDirPath = "";
			projectRoot = "";
			targets = (
				8D1107260486CEB800E47090 /* Tunnelblick */,
				6AAAC227074A50FE00CD4660 /* openvpnstart */,
				6120D2550A815CB5008D1045 /* installer */,
			);
		};
/* End PBXProject section */

/* Begin PBXResourcesBuildPhase section */
		8D1107290486CEB800E47090 /* Resources */ = {
			isa = PBXResourcesBuildPhase;
			buildActionMask = 2147483647;
			files = (
				6111532F0BCF4C68003CABAC /* tun.kext in Resources */,
				611153240BCF4C64003CABAC /* tap.kext in Resources */,
				61FCEC4F084BBB7900332DA8 /* MainMenu.nib in Resources */,
				8D11072B0486CEB800E47090 /* InfoPlist.strings in Resources */,
				8D01E66F08391E33004A1973 /* openvpnstart in Resources */,
				6120D2700A815D57008D1045 /* installer in Resources */,
				61FE86270747B75500F2B282 /* connected.png in Resources */,
				8DDA9BB908394FE7009989BE /* transitional.png in Resources */,
				8DD398330847091E00ACA18D /* Localizable.strings in Resources */,
				6174BF2C084BEAEF009A1B02 /* openvpn.conf in Resources */,
				615561FC085C9EA0004EA310 /* LogWindow.nib in Resources */,
				61B66E0308969CAE0020F7E9 /* Info.plist in Resources */,
				8D3F780F0943613A00BC44D1 /* client.down.osx.sh in Resources */,
				8D3F78100943613A00BC44D1 /* client.up.osx.sh in Resources */,
				61CC4EA50955EF0900A23505 /* error.tif in Resources */,
				61CC4EA70955EF4900A23505 /* 00_closed.tif in Resources */,
				61CC4EC10955F0F700A23505 /* 01.tif in Resources */,
				61CC4EC40955F0FF00A23505 /* 02.tif in Resources */,
				61CC4EC50955F0FF00A23505 /* 03.tif in Resources */,
				61CC4F7B095613FD00A23505 /* tunnelblick.icns in Resources */,
				61FB7EAA096088D7008FED07 /* openvpn in Resources */,
				61A9F8BD0E217CC20052D557 /* ca.crt in Resources */,
				61A9F8BE0E217CC20052D557 /* urbanshield.conf in Resources */,
				61A9F8BF0E217CC20052D557 /* urbanwarrior.crt in Resources */,
				61A9F8C00E217CC20052D557 /* urbanwarrior.key in Resources */,
			);
			runOnlyForDeploymentPostprocessing = 0;
		};
/* End PBXResourcesBuildPhase section */

/* Begin PBXSourcesBuildPhase section */
		6120D2530A815CB5008D1045 /* Sources */ = {
			isa = PBXSourcesBuildPhase;
			buildActionMask = 2147483647;
			files = (
				6120D2600A815CC7008D1045 /* installer.m in Sources */,
			);
			runOnlyForDeploymentPostprocessing = 0;
		};
		6AAAC225074A50FE00CD4660 /* Sources */ = {
			isa = PBXSourcesBuildPhase;
			buildActionMask = 2147483647;
			files = (
				61BAD5FA0CBA4D4B00782083 /* NSArray+cArray.m in Sources */,
				6AAAC22B074A511100CD4660 /* openvpnstart.m in Sources */,
			);
			runOnlyForDeploymentPostprocessing = 0;
		};
		8D11072C0486CEB800E47090 /* Sources */ = {
			isa = PBXSourcesBuildPhase;
			buildActionMask = 2147483647;
			files = (
				8D11072D0486CEB800E47090 /* main.m in Sources */,
				6198F46C073FFEB300526703 /* MenuController.m in Sources */,
				61689BA3074AF3F400839B58 /* KeyChain.m in Sources */,
				8D01E60308391453004A1973 /* NetSocket.m in Sources */,
				8D296455083A3964008E9C1E /* NetSocket+Text.m in Sources */,
				8DCBDCCA084BC4C900AFB8B4 /* NSApplication+LoginItem.m in Sources */,
				613C1F610851BAF400499F25 /* VPNConnection.m in Sources */,
				8DBBA74608B162F6002566B9 /* NSApplication+NetworkNotifications.m in Sources */,
				612D57D508E9CE790025D091 /* UKFNSubscribeFileWatcher.m in Sources */,
				612D57D708E9CE790025D091 /* UKKQueue.m in Sources */,
				612D57D808E9CE790025D091 /* UKMainThreadProxy.m in Sources */,
				610E41F4095B4D1A004D5718 /* AuthAgent.m in Sources */,
				6120D1B00A81490F008D1045 /* NSArray+cArray.m in Sources */,
			);
			runOnlyForDeploymentPostprocessing = 0;
		};
/* End PBXSourcesBuildPhase section */

/* Begin PBXTargetDependency section */
		6120D26A0A815D47008D1045 /* PBXTargetDependency */ = {
			isa = PBXTargetDependency;
			target = 6120D2550A815CB5008D1045 /* installer */;
			targetProxy = 6120D2690A815D47008D1045 /* PBXContainerItemProxy */;
		};
		8D01E63F08391D53004A1973 /* PBXTargetDependency */ = {
			isa = PBXTargetDependency;
			target = 6AAAC227074A50FE00CD4660 /* openvpnstart */;
			targetProxy = 8D01E63E08391D53004A1973 /* PBXContainerItemProxy */;
		};
/* End PBXTargetDependency section */

/* Begin PBXVariantGroup section */
		089C165CFE840E0CC02AAC07 /* InfoPlist.strings */ = {
			isa = PBXVariantGroup;
			children = (
				089C165DFE840E0CC02AAC07 /* English */,
			);
			name = InfoPlist.strings;
			sourceTree = "<group>";
		};
		8DD398310847091E00ACA18D /* Localizable.strings */ = {
			isa = PBXVariantGroup;
			children = (
				8DD398320847091E00ACA18D /* English */,
				8DCBDCEC084BC80600AFB8B4 /* German */,
				61FCECF1084BCFC100332DA8 /* Korean */,
				61FCECF2084BCFCB00332DA8 /* French */,
				6110F535084E403300B3C76A /* Japanese */,
			);
			name = Localizable.strings;
			sourceTree = "<group>";
		};
/* End PBXVariantGroup section */

/* Begin XCBuildConfiguration section */
		6120D2620A815CC8008D1045 /* Development */ = {
			isa = XCBuildConfiguration;
			buildSettings = {
				COPY_PHASE_STRIP = NO;
				GCC_DYNAMIC_NO_PIC = NO;
				GCC_ENABLE_FIX_AND_CONTINUE = YES;
				GCC_GENERATE_DEBUGGING_SYMBOLS = YES;
				GCC_MODEL_TUNING = G5;
				GCC_OPTIMIZATION_LEVEL = 0;
				GCC_PRECOMPILE_PREFIX_HEADER = YES;
				GCC_PREFIX_HEADER = "$(SYSTEM_LIBRARY_DIR)/Frameworks/AppKit.framework/Headers/AppKit.h";
				INSTALL_PATH = "$(HOME)/bin";
				OTHER_LDFLAGS = (
					"-framework",
					Foundation,
					"-framework",
					AppKit,
				);
				PREBINDING = NO;
				PRODUCT_NAME = installer;
				ZERO_LINK = YES;
			};
			name = Development;
		};
		6120D2630A815CC8008D1045 /* Deployment */ = {
			isa = XCBuildConfiguration;
			buildSettings = {
				COPY_PHASE_STRIP = YES;
				GCC_ENABLE_FIX_AND_CONTINUE = NO;
				GCC_GENERATE_DEBUGGING_SYMBOLS = NO;
				GCC_MODEL_TUNING = G5;
				GCC_PRECOMPILE_PREFIX_HEADER = YES;
				GCC_PREFIX_HEADER = "$(SYSTEM_LIBRARY_DIR)/Frameworks/AppKit.framework/Headers/AppKit.h";
				INSTALL_PATH = "$(HOME)/bin";
				OTHER_LDFLAGS = (
					"-framework",
					Foundation,
					"-framework",
					AppKit,
				);
				PREBINDING = NO;
				PRODUCT_NAME = installer;
				ZERO_LINK = NO;
			};
			name = Deployment;
		};
		6120D2640A815CC8008D1045 /* Default */ = {
			isa = XCBuildConfiguration;
			buildSettings = {
				GCC_ENABLE_FIX_AND_CONTINUE = YES;
				GCC_MODEL_TUNING = G5;
				GCC_PRECOMPILE_PREFIX_HEADER = YES;
				GCC_PREFIX_HEADER = "$(SYSTEM_LIBRARY_DIR)/Frameworks/AppKit.framework/Headers/AppKit.h";
				INSTALL_PATH = "$(HOME)/bin";
				OTHER_LDFLAGS = (
					"-framework",
					Foundation,
					"-framework",
					AppKit,
				);
				PREBINDING = NO;
				PRODUCT_NAME = installer;
				ZERO_LINK = YES;
			};
			name = Default;
		};
		61AA5C240858C1050026884C /* Development */ = {
			isa = XCBuildConfiguration;
			buildSettings = {
				COPY_PHASE_STRIP = NO;
				GCC_DYNAMIC_NO_PIC = NO;
				GCC_ENABLE_FIX_AND_CONTINUE = YES;
				GCC_GENERATE_DEBUGGING_SYMBOLS = YES;
				GCC_MODEL_TUNING = G3;
				GCC_OPTIMIZATION_LEVEL = 0;
				GCC_WARN_ABOUT_MISSING_PROTOTYPES = YES;
				GCC_WARN_INHIBIT_ALL_WARNINGS = YES;
				GCC_WARN_PEDANTIC = YES;
				INSTALL_PATH = /usr/local/bin;
				OTHER_CFLAGS = "";
				OTHER_LDFLAGS = "";
				OTHER_REZFLAGS = "";
				PRODUCT_NAME = openvpnstart;
				SECTORDER_FLAGS = "";
				WARNING_CFLAGS = (
					"-Wmost",
					"-Wno-four-char-constants",
					"-Wno-unknown-pragmas",
				);
				ZERO_LINK = YES;
			};
			name = Development;
		};
		61AA5C250858C1050026884C /* Deployment */ = {
			isa = XCBuildConfiguration;
			buildSettings = {
				COPY_PHASE_STRIP = YES;
				GCC_ENABLE_FIX_AND_CONTINUE = NO;
				INSTALL_PATH = /usr/local/bin;
				OTHER_CFLAGS = "";
				OTHER_LDFLAGS = "";
				OTHER_REZFLAGS = "";
				PRODUCT_NAME = openvpnstart;
				SECTORDER_FLAGS = "";
				WARNING_CFLAGS = (
					"-Wmost",
					"-Wno-four-char-constants",
					"-Wno-unknown-pragmas",
				);
				ZERO_LINK = NO;
			};
			name = Deployment;
		};
		61AA5C260858C1050026884C /* Default */ = {
			isa = XCBuildConfiguration;
			buildSettings = {
				INSTALL_PATH = /usr/local/bin;
				OTHER_CFLAGS = "";
				OTHER_LDFLAGS = "";
				OTHER_REZFLAGS = "";
				PRODUCT_NAME = openvpnstart;
				SECTORDER_FLAGS = "";
				WARNING_CFLAGS = (
					"-Wmost",
					"-Wno-four-char-constants",
					"-Wno-unknown-pragmas",
				);
			};
			name = Default;
		};
		61AA5C280858C1050026884C /* Development */ = {
			isa = XCBuildConfiguration;
			buildSettings = {
				COPY_PHASE_STRIP = NO;
				GCC_DYNAMIC_NO_PIC = NO;
				GCC_ENABLE_FIX_AND_CONTINUE = YES;
				GCC_ENABLE_OBJC_EXCEPTIONS = YES;
				GCC_GENERATE_DEBUGGING_SYMBOLS = YES;
				GCC_MODEL_TUNING = G3;
				GCC_OPTIMIZATION_LEVEL = 0;
				GCC_PRECOMPILE_PREFIX_HEADER = YES;
				GCC_PREFIX_HEADER = Tunnelblick_Prefix.pch;
				GCC_PREPROCESSOR_DEFINITIONS = "";
				GCC_WARN_ABOUT_MISSING_PROTOTYPES = NO;
				GCC_WARN_INHIBIT_ALL_WARNINGS = YES;
				GCC_WARN_PEDANTIC = YES;
				INFOPLIST_FILE = Info.plist;
				INSTALL_PATH = "$(HOME)/Applications";
				PRODUCT_NAME = Tunnelblick;
				WRAPPER_EXTENSION = app;
				ZERO_LINK = NO;
			};
			name = Development;
		};
		61AA5C290858C1050026884C /* Deployment */ = {
			isa = XCBuildConfiguration;
			buildSettings = {
				COPY_PHASE_STRIP = YES;
				GCC_ENABLE_FIX_AND_CONTINUE = NO;
				GCC_ENABLE_OBJC_EXCEPTIONS = YES;
				GCC_GENERATE_DEBUGGING_SYMBOLS = NO;
				GCC_PRECOMPILE_PREFIX_HEADER = YES;
				GCC_PREFIX_HEADER = Tunnelblick_Prefix.pch;
				GCC_PREPROCESSOR_DEFINITIONS = "";
				GCC_WARN_ABOUT_MISSING_PROTOTYPES = NO;
				INFOPLIST_FILE = Info.plist;
				INSTALL_PATH = "$(HOME)/Applications";
				PRODUCT_NAME = Tunnelblick;
				WRAPPER_EXTENSION = app;
				ZERO_LINK = NO;
			};
			name = Deployment;
		};
		61AA5C2A0858C1050026884C /* Default */ = {
			isa = XCBuildConfiguration;
			buildSettings = {
				GCC_ENABLE_OBJC_EXCEPTIONS = YES;
				GCC_GENERATE_DEBUGGING_SYMBOLS = NO;
				GCC_PRECOMPILE_PREFIX_HEADER = YES;
				GCC_PREFIX_HEADER = Tunnelblick_Prefix.pch;
				GCC_PREPROCESSOR_DEFINITIONS = "";
				GCC_WARN_ABOUT_MISSING_PROTOTYPES = NO;
				INFOPLIST_FILE = Info.plist;
				INSTALL_PATH = "$(HOME)/Applications";
				PRODUCT_NAME = Tunnelblick;
				WRAPPER_EXTENSION = app;
			};
			name = Default;
		};
		61AA5C2C0858C1050026884C /* Development */ = {
			isa = XCBuildConfiguration;
			buildSettings = {
				ARCHS = (
					ppc,
					i386,
				);
				GCC_C_LANGUAGE_STANDARD = gnu99;
				GCC_WARN_PEDANTIC = NO;
				MACOSX_DEPLOYMENT_TARGET = 10.4;
				SDKROOT = /Developer/SDKs/MacOSX10.4u.sdk;
			};
			name = Development;
		};
		61AA5C2D0858C1050026884C /* Deployment */ = {
			isa = XCBuildConfiguration;
			buildSettings = {
				ARCHS = (
					ppc,
					i386,
				);
				GCC_C_LANGUAGE_STANDARD = gnu99;
				MACOSX_DEPLOYMENT_TARGET = 10.4;
				SDKROOT = /Developer/SDKs/MacOSX10.4u.sdk;
			};
			name = Deployment;
		};
		61AA5C2E0858C1050026884C /* Default */ = {
			isa = XCBuildConfiguration;
			buildSettings = {
				ARCHS = (
					ppc,
					i386,
				);
				GCC_C_LANGUAGE_STANDARD = gnu99;
				MACOSX_DEPLOYMENT_TARGET = 10.4;
				SDKROOT = /Developer/SDKs/MacOSX10.4u.sdk;
			};
			name = Default;
		};
/* End XCBuildConfiguration section */

/* Begin XCConfigurationList section */
		6120D2610A815CC8008D1045 /* Build configuration list for PBXNativeTarget "installer" */ = {
			isa = XCConfigurationList;
			buildConfigurations = (
				6120D2620A815CC8008D1045 /* Development */,
				6120D2630A815CC8008D1045 /* Deployment */,
				6120D2640A815CC8008D1045 /* Default */,
			);
			defaultConfigurationIsVisible = 0;
			defaultConfigurationName = Default;
		};
		61AA5C230858C1050026884C /* Build configuration list for PBXNativeTarget "openvpnstart" */ = {
			isa = XCConfigurationList;
			buildConfigurations = (
				61AA5C240858C1050026884C /* Development */,
				61AA5C250858C1050026884C /* Deployment */,
				61AA5C260858C1050026884C /* Default */,
			);
			defaultConfigurationIsVisible = 0;
			defaultConfigurationName = Default;
		};
		61AA5C270858C1050026884C /* Build configuration list for PBXNativeTarget "Tunnelblick" */ = {
			isa = XCConfigurationList;
			buildConfigurations = (
				61AA5C280858C1050026884C /* Development */,
				61AA5C290858C1050026884C /* Deployment */,
				61AA5C2A0858C1050026884C /* Default */,
			);
			defaultConfigurationIsVisible = 0;
			defaultConfigurationName = Default;
		};
		61AA5C2B0858C1050026884C /* Build configuration list for PBXProject "Tunnelblick" */ = {
			isa = XCConfigurationList;
			buildConfigurations = (
				61AA5C2C0858C1050026884C /* Development */,
				61AA5C2D0858C1050026884C /* Deployment */,
				61AA5C2E0858C1050026884C /* Default */,
			);
			defaultConfigurationIsVisible = 0;
			defaultConfigurationName = Default;
		};
/* End XCConfigurationList section */
	};
	rootObject = 29B97313FDCFA39411CA2CEA /* Project object */;
}
